{
  "version": 4,
  "terraform_version": "1.6.6",
  "serial": 9,
  "lineage": "27a2c11d-f59f-3b9f-dfd2-48b866dece27",
  "outputs": {
    "stackscript_id": {
      "value": "1980551",
      "type": "string"
    }
  },
  "resources": [
    {
      "module": "module.linodes",
      "mode": "managed",
      "type": "linode_instance",
      "name": "linode_id",
      "provider": "provider[\"registry.terraform.io/linode/linode\"]",
      "instances": [
        {
          "schema_version": 0,
          "attributes": {
            "alerts": [
              {
                "cpu": 90,
                "io": 10000,
                "network_in": 10,
                "network_out": 10,
                "transfer_quota": 80
              }
            ],
            "authorized_keys": [
              "ssh-rsa AAAAB3NzaC1yc2EAAAADAQABAAACAQC9UeOBf05c+JHuvWKTzDW/x8eHp2bcvHyi5eEBGBEdRyjbfe8KAw/I//UX1lfwF9O10IvZ95XSfufiDxTlsLYYIgeEtRD9Nj0K8bdLYKH490YcEUNIuNV8caKWmrfC2wwI979qmvbI4+AbIUQY8gJFsXRIjnzgcuHBNGxq5Ejf2Z6IRoC3BdMAR41CSNJvolO4+pIawM9oeSumZZj5JowZfPWsLO0mrHJui7rbYi5t/gLyZ45JeHigQL148e4ju1/oFWrPyews5A+MpwAvu532Xe7zalQdkq2jCXs05XHlirG/1hSkOnPBxKiCk+ZeQWQYz2NM2I9sb/MC+DU0IIFJBXJHE5qG/wRPz+9QFHzCeqTklO5+1i3k7ODd7iWYMWYkWVfhc4KXn5L4IITrh4hrLiCVvcdl+8GctukxvXSOWbcwv9kh01x65hjmPX8Jbqx46rFlAIxCg/qPdbeXAnTe8lLGRmPUK+GbFvTD54gfthRWYERGZUc+11fwVck2ASlFF85ooS5EQh9inWe03S7kuhnyfwG57wUxSO2J2093AFpU5UMUydY0iwksP0uX7KRFGriSM7Eusgt3eSFeEUTHgyvXasAEfsSD1kS5/BFXiv/d+WKRhvJ8ymJWoP0b8C+fijj9W/SfzgLKEzs6yg/6BoC9HaMMOedcSgoqi/2Nfw== joabe.granvile@yahoo.com"
            ],
            "authorized_users": null,
            "backup_id": null,
            "backups": [
              {
                "available": false,
                "enabled": false,
                "schedule": [
                  {
                    "day": "",
                    "window": ""
                  }
                ]
              }
            ],
            "backups_enabled": false,
            "boot_config_label": "My Ubuntu 22.04 LTS Profile",
            "booted": true,
            "capabilities": [
              "Block Storage Encryption"
            ],
            "config": [
              {
                "comments": "",
                "devices": [
                  {
                    "sda": [
                      {
                        "disk_id": 169676292,
                        "disk_label": "Ubuntu 22.04 LTS Disk",
                        "volume_id": 0
                      }
                    ],
                    "sdb": [
                      {
                        "disk_id": 169676295,
                        "disk_label": "512 MB Swap Image",
                        "volume_id": 0
                      }
                    ],
                    "sdc": [],
                    "sdd": [],
                    "sde": [],
                    "sdf": [],
                    "sdg": [],
                    "sdh": []
                  }
                ],
                "helpers": [
                  {
                    "devtmpfs_automount": true,
                    "distro": true,
                    "modules_dep": true,
                    "network": true,
                    "updatedb_disabled": true
                  }
                ],
                "id": 92646571,
                "interface": [],
                "kernel": "linode/grub2",
                "label": "My Ubuntu 22.04 LTS Profile",
                "memory_limit": 0,
                "root_device": "/dev/sda",
                "run_level": "default",
                "virt_mode": "paravirt"
              }
            ],
            "disk": [
              {
                "authorized_keys": [],
                "authorized_users": [],
                "filesystem": "ext4",
                "id": 169676292,
                "image": "",
                "label": "Ubuntu 22.04 LTS Disk",
                "read_only": false,
                "root_pass": "",
                "size": 50688,
                "stackscript_data": {},
                "stackscript_id": 0
              },
              {
                "authorized_keys": [],
                "authorized_users": [],
                "filesystem": "swap",
                "id": 169676295,
                "image": "",
                "label": "512 MB Swap Image",
                "read_only": false,
                "root_pass": "",
                "size": 512,
                "stackscript_data": {},
                "stackscript_id": 0
              }
            ],
            "disk_encryption": "enabled",
            "firewall_id": null,
            "group": "",
            "has_user_data": false,
            "host_uuid": "61501dcfa2a8a70d2b5906ed5e1bb00e3fc7cf9a",
            "id": "89141207",
            "image": "linode/ubuntu22.04",
            "interface": [],
            "ip_address": "66.228.32.98",
            "ipv4": [
              "66.228.32.98"
            ],
            "ipv6": "2600:3c03::2000:bdff:fe1e:1155/128",
            "label": "my-linode",
            "lke_cluster_id": 0,
            "metadata": [],
            "migration_type": "cold",
            "placement_group": [],
            "placement_group_externally_managed": null,
            "private_ip": false,
            "private_ip_address": null,
            "region": "us-east",
            "resize_disk": false,
            "root_pass": "DzicmmgF6pnIpi208O+PUGhD3wXUSn0GhtpC4bN9uJ0kzKjxbL96UtziAoITwQp0sHBTgI1J2NOnIoDfX+iX7A==",
            "shared_ipv4": [],
            "specs": [
              {
                "accelerated_devices": 0,
                "disk": 51200,
                "gpus": 0,
                "memory": 2048,
                "transfer": 2000,
                "vcpus": 1
              }
            ],
            "stackscript_data": {
              "my_hostname": "linode-hostname",
              "my_password": "my-limited-users-password",
              "my_username": "username",
              "my_userpubkey": "my-public-ssh-key"
            },
            "stackscript_id": 1980551,
            "status": "running",
            "swap_size": 512,
            "tags": [],
            "timeouts": null,
            "type": "g6-standard-1",
            "watchdog_enabled": true
          },
          "sensitive_attributes": [],
          "private": "eyJlMmJmYjczMC1lY2FhLTExZTYtOGY4OC0zNDM2M2JjN2M0YzAiOnsiY3JlYXRlIjo5MDAwMDAwMDAwMDAsImRlbGV0ZSI6NjAwMDAwMDAwMDAwLCJ1cGRhdGUiOjM2MDAwMDAwMDAwMDB9fQ==",
          "dependencies": [
            "module.linodes.linode_sshkey.this",
            "module.stackscripts.linode_stackscript.default"
          ]
        }
      ]
    },
    {
      "module": "module.linodes",
      "mode": "managed",
      "type": "linode_sshkey",
      "name": "this",
      "provider": "provider[\"registry.terraform.io/linode/linode\"]",
      "instances": [
        {
          "schema_version": 0,
          "attributes": {
            "created": "2025-12-25T04:00:01Z",
            "id": "619615",
            "label": "my-ssh-key",
            "ssh_key": "ssh-rsa AAAAB3NzaC1yc2EAAAADAQABAAACAQC9UeOBf05c+JHuvWKTzDW/x8eHp2bcvHyi5eEBGBEdRyjbfe8KAw/I//UX1lfwF9O10IvZ95XSfufiDxTlsLYYIgeEtRD9Nj0K8bdLYKH490YcEUNIuNV8caKWmrfC2wwI979qmvbI4+AbIUQY8gJFsXRIjnzgcuHBNGxq5Ejf2Z6IRoC3BdMAR41CSNJvolO4+pIawM9oeSumZZj5JowZfPWsLO0mrHJui7rbYi5t/gLyZ45JeHigQL148e4ju1/oFWrPyews5A+MpwAvu532Xe7zalQdkq2jCXs05XHlirG/1hSkOnPBxKiCk+ZeQWQYz2NM2I9sb/MC+DU0IIFJBXJHE5qG/wRPz+9QFHzCeqTklO5+1i3k7ODd7iWYMWYkWVfhc4KXn5L4IITrh4hrLiCVvcdl+8GctukxvXSOWbcwv9kh01x65hjmPX8Jbqx46rFlAIxCg/qPdbeXAnTe8lLGRmPUK+GbFvTD54gfthRWYERGZUc+11fwVck2ASlFF85ooS5EQh9inWe03S7kuhnyfwG57wUxSO2J2093AFpU5UMUydY0iwksP0uX7KRFGriSM7Eusgt3eSFeEUTHgyvXasAEfsSD1kS5/BFXiv/d+WKRhvJ8ymJWoP0b8C+fijj9W/SfzgLKEzs6yg/6BoC9HaMMOedcSgoqi/2Nfw== joabe.granvile@yahoo.com"
          },
          "sensitive_attributes": []
        }
      ]
    },
    {
      "module": "module.stackscripts",
      "mode": "managed",
      "type": "linode_stackscript",
      "name": "default",
      "provider": "provider[\"registry.terraform.io/linode/linode\"]",
      "instances": [
        {
          "schema_version": 1,
          "attributes": {
            "created": "2025-12-25T03:59:01Z",
            "deployments_active": 0,
            "deployments_total": 0,
            "description": "A base deployment for Ubuntu 18.04 that creates a limited user account.",
            "id": "1980551",
            "images": [
              "linode/ubuntu22.04"
            ],
            "is_public": false,
            "label": "base-ubuntu-deployment",
            "rev_note": "First revision of my StackScript created with the Linode Terraform provider.",
            "script": "#!/bin/bash\n# \u003cUDF name=\"my_hostname\" Label=\"Linode's Hostname\" /\u003e\n# \u003cUDF name=\"my_username\" Label=\"Limited user account\" /\u003e\n# \u003cUDF name=\"my_password\" Label=\"Limited user account's password\" /\u003e\n# \u003cUDF name=\"my_userpubkey\" Label=\"Limited user account's public key\" /\u003e\n\nsource \u003cssinclude StackScriptID=\"1\"\u003e\n\nset -x\n\nMY_IP=system_primary_ip\nsystem_set_hostname \"$MY_HOSTNAME\"\nsystem_add_host_entry \"$MY_IP\" \"$MY_HOSTNAME\"\nuser_add_sudo \"$MY_USERNAME\" \"$MY_PASSWORD\"\nuser_add_pubkey \"$MY_USERNAME\" \"$MY_USERPUBKEY\"\nssh_disable_root\ngoodstuff\n",
            "updated": "2025-12-25T03:59:00Z",
            "user_defined_fields": [
              {
                "default": "",
                "example": "",
                "label": "Linode's Hostname",
                "many_of": "",
                "name": "my_hostname",
                "one_of": ""
              },
              {
                "default": "",
                "example": "",
                "label": "Limited user account",
                "many_of": "",
                "name": "my_username",
                "one_of": ""
              },
              {
                "default": "",
                "example": "",
                "label": "Limited user account's password",
                "many_of": "",
                "name": "my_password",
                "one_of": ""
              },
              {
                "default": "",
                "example": "",
                "label": "Limited user account's public key",
                "many_of": "",
                "name": "my_userpubkey",
                "one_of": ""
              }
            ],
            "user_gravatar_id": "ab7fa07daa5d72cae38034ecc7df0992",
            "username": "joabegranvile"
          },
          "sensitive_attributes": []
        }
      ]
    }
  ],
  "check_results": null
}
