{
  "version": 4,
  "terraform_version": "1.6.6",
  "serial": 6,
  "lineage": "27a2c11d-f59f-3b9f-dfd2-48b866dece27",
  "outputs": {
    "stackscript_id": {
      "value": "1980551",
      "type": "string"
    }
  },
  "resources": [
    {
      "module": "module.stackscripts",
      "mode": "managed",
      "type": "linode_stackscript",
      "name": "default",
      "provider": "provider[\"registry.terraform.io/linode/linode\"]",
      "instances": [
        {
          "schema_version": 1,
          "attributes": {
            "created": "2025-12-25T03:59:00Z",
            "deployments_active": 0,
            "deployments_total": 0,
            "description": "A base deployment for Ubuntu 18.04 that creates a limited user account.",
            "id": "1980551",
            "images": [
              "linode/ubuntu22.04"
            ],
            "is_public": false,
            "label": "base-ubuntu-deployment",
            "rev_note": "First revision of my StackScript created with the Linode Terraform provider.",
            "script": "#!/bin/bash\n# \u003cUDF name=\"my_hostname\" Label=\"Linode's Hostname\" /\u003e\n# \u003cUDF name=\"my_username\" Label=\"Limited user account\" /\u003e\n# \u003cUDF name=\"my_password\" Label=\"Limited user account's password\" /\u003e\n# \u003cUDF name=\"my_userpubkey\" Label=\"Limited user account's public key\" /\u003e\n\nsource \u003cssinclude StackScriptID=\"1\"\u003e\n\nset -x\n\nMY_IP=system_primary_ip\nsystem_set_hostname \"$MY_HOSTNAME\"\nsystem_add_host_entry \"$MY_IP\" \"$MY_HOSTNAME\"\nuser_add_sudo \"$MY_USERNAME\" \"$MY_PASSWORD\"\nuser_add_pubkey \"$MY_USERNAME\" \"$MY_USERPUBKEY\"\nssh_disable_root\ngoodstuff\n",
            "updated": "2025-12-25T03:59:00Z",
            "user_defined_fields": [
              {
                "default": "",
                "example": "",
                "label": "Linode's Hostname",
                "many_of": "",
                "name": "my_hostname",
                "one_of": ""
              },
              {
                "default": "",
                "example": "",
                "label": "Limited user account",
                "many_of": "",
                "name": "my_username",
                "one_of": ""
              },
              {
                "default": "",
                "example": "",
                "label": "Limited user account's password",
                "many_of": "",
                "name": "my_password",
                "one_of": ""
              },
              {
                "default": "",
                "example": "",
                "label": "Limited user account's public key",
                "many_of": "",
                "name": "my_userpubkey",
                "one_of": ""
              }
            ],
            "user_gravatar_id": "ab7fa07daa5d72cae38034ecc7df0992",
            "username": "joabegranvile"
          },
          "sensitive_attributes": []
        }
      ]
    }
  ],
  "check_results": null
}
